hash: 9971efd4a2c4185f5b793edbb6d00b9d9d57926e8bfefd289d63c3a4837b5790
updated: 2016-04-22T06:43:35.675429755Z
imports:
- name: github.com/davecgh/go-spew
  version: 5215b55f46b2b919f50a1df0eaa5886afe4e3b3d
  subpackages:
  - spew
- name: github.com/eapache/go-resiliency
  version: b86b1ec0dd4209a588dc1285cdd471e73525c0b3
  subpackages:
  - breaker
- name: github.com/eapache/queue
  version: ded5959c0d4e360646dc9e9908cff48666781367
- name: github.com/golang/snappy
  version: 774a97396f7bfa4165e9dcf4bfa0747ea3edcc02
- name: github.com/google/gopacket
  version: e732efe9f49bdb679cb087d2eca7191f2f5574b6
  subpackages:
  - layers
  - pcap
- name: github.com/klauspost/crc32
  version: 19b0b332c9e4516a6370a0456e6182c3b5036720
- name: github.com/miekg/pcap
  version: fbfcc463715f6206524a6b1fcc8ed1b9e7567ba5
- name: github.com/Shopify/sarama
  version: 68920ff1be3bbd31449ab1e2c255c50cedeb755c
- name: github.com/Sirupsen/logrus
  version: 081307d9bc1364753142d5962fc1d795c742baaf
- name: github.com/VividCortex/godaemon
  version: 3d9f6e0b234fe7d17448b345b2e14ac05814a758
- name: golang.org/x/sys
  version: f64b50fbea64174967a8882830d621a18ee1548e
  subpackages:
  - unix
devImports: []
